
Microsoft Visual Studio Solution File, Format Version 12.00
Project("{FAE04EC0-301F-11D3-BF4B-00C04F79EFBC}") = "DirectoryFiles", "DirectoryFiles\DirectoryFiles.csproj", "{9E11AABE-FF2D-456C-807D-95327A8ADC57}"
EndProject
Global
	GlobalSection(SolutionConfigurationPlatforms) = preSolution
		Debug|Any CPU = Debug|Any CPU
		Release|Any CPU = Release|Any CPU
	EndGlobalSection
	GlobalSection(ProjectConfigurationPlatforms) = postSolution
		{9E11AABE-FF2D-456C-807D-95327A8ADC57}.Debug|Any CPU.ActiveCfg = Debug|Any CPU
		{9E11AABE-FF2D-456C-807D-95327A8ADC57}.Debug|Any CPU.Build.0 = Debug|Any CPU
		{9E11AABE-FF2D-456C-807D-95327A8ADC57}.Release|Any CPU.ActiveCfg = Release|Any CPU
		{9E11AABE-FF2D-456C-807D-95327A8ADC57}.Release|Any CPU.Build.0 = Release|Any CPU
	EndGlobalSection
EndGlobal
